
Microsoft Visual Studio Solution File, Format Version 12.00
# Visual Studio 14
VisualStudioVersion = 14.0.24720.0
MinimumVisualStudioVersion = 10.0.40219.1
Project("{FAE04EC0-301F-11D3-BF4B-00C04F79EFBC}") = "Jetproger.Service", "..\Jetproger.Service\.project\Jetproger.Service.csproj", "{ADE5BFBB-508C-4A3B-BF93-A9BA4570E4E1}"
EndProject
Project("{FAE04EC0-301F-11D3-BF4B-00C04F79EFBC}") = "Jetproger.Visual", "..\Jetproger.Visual\.project\Jetproger.Visual.csproj", "{A210FC06-1EA3-4206-B466-B730D19C738C}"
EndProject
Project("{FAE04EC0-301F-11D3-BF4B-00C04F79EFBC}") = "Jetproger.Tools", "..\Jetproger.Tools\.project\Jetproger.Tools.csproj", "{0E365FF3-8139-4F71-B5E1-E8A5212F94B7}"
EndProject
Project("{FAE04EC0-301F-11D3-BF4B-00C04F79EFBC}") = "Jetproger.Tools.Convert", "..\Jetproger.Tools.Convert\.project\Jetproger.Tools.Convert.csproj", "{600AA7DC-EA39-4609-AB2A-3546BB5F8B72}"
EndProject
Project("{FAE04EC0-301F-11D3-BF4B-00C04F79EFBC}") = "Jetproger.Tools.Native", "..\Jetproger.Tools.Native\.project\Jetproger.Tools.Native.csproj", "{635C1C60-606C-43A1-919C-DD4908057912}"
EndProject
Project("{FAE04EC0-301F-11D3-BF4B-00C04F79EFBC}") = "Jetproger.Tools.Resource", "..\Jetproger.Tools.Resource\.project\Jetproger.Tools.Resource.csproj", "{942718E0-35B1-4E52-900E-1709B6808968}"
EndProject
Project("{FAE04EC0-301F-11D3-BF4B-00C04F79EFBC}") = "Jetproger.Tools.File", "..\Jetproger.Tools.File\.project\Jetproger.Tools.File.csproj", "{7A3F5D37-B9BE-4C40-8C31-AD181D16FF43}"
EndProject
Project("{FAE04EC0-301F-11D3-BF4B-00C04F79EFBC}") = "Jetproger.Tools.Process", "..\Jetproger.Tools.Process\.project\Jetproger.Tools.Process.csproj", "{65A6524A-A322-468B-BF0B-A69064F8C8F5}"
EndProject
Project("{FAE04EC0-301F-11D3-BF4B-00C04F79EFBC}") = "Jetproger.Tools.Model", "..\Jetproger.Tools.Model\.project\Jetproger.Tools.Model.csproj", "{F2644829-D8F4-4CFF-BF32-46745BEF2638}"
EndProject
Project("{2150E333-8FDC-42A3-9474-1A3956D46DE8}") = ".solution", ".solution", "{D00285CB-5C5E-413D-BFA9-112453C8B174}"
	ProjectSection(SolutionItems) = preProject
		AssemblyInfo.cs = AssemblyInfo.cs
		packages.bat = packages.bat
		jetproger.pfx = jetproger.pfx
		LICENSE = LICENSE
	EndProjectSection
EndProject
Global
	GlobalSection(SolutionConfigurationPlatforms) = preSolution
		Debug|Any CPU = Debug|Any CPU
		Release|Any CPU = Release|Any CPU
	EndGlobalSection
	GlobalSection(ProjectConfigurationPlatforms) = postSolution
		{ADE5BFBB-508C-4A3B-BF93-A9BA4570E4E1}.Debug|Any CPU.ActiveCfg = Debug|Any CPU
		{ADE5BFBB-508C-4A3B-BF93-A9BA4570E4E1}.Debug|Any CPU.Build.0 = Debug|Any CPU
		{ADE5BFBB-508C-4A3B-BF93-A9BA4570E4E1}.Release|Any CPU.ActiveCfg = Release|Any CPU
		{ADE5BFBB-508C-4A3B-BF93-A9BA4570E4E1}.Release|Any CPU.Build.0 = Release|Any CPU
		{A210FC06-1EA3-4206-B466-B730D19C738C}.Debug|Any CPU.ActiveCfg = Debug|Any CPU
		{A210FC06-1EA3-4206-B466-B730D19C738C}.Debug|Any CPU.Build.0 = Debug|Any CPU
		{A210FC06-1EA3-4206-B466-B730D19C738C}.Release|Any CPU.ActiveCfg = Release|Any CPU
		{A210FC06-1EA3-4206-B466-B730D19C738C}.Release|Any CPU.Build.0 = Release|Any CPU
		{0E365FF3-8139-4F71-B5E1-E8A5212F94B7}.Debug|Any CPU.ActiveCfg = Debug|Any CPU
		{0E365FF3-8139-4F71-B5E1-E8A5212F94B7}.Debug|Any CPU.Build.0 = Debug|Any CPU
		{0E365FF3-8139-4F71-B5E1-E8A5212F94B7}.Release|Any CPU.ActiveCfg = Release|Any CPU
		{0E365FF3-8139-4F71-B5E1-E8A5212F94B7}.Release|Any CPU.Build.0 = Release|Any CPU
		{600AA7DC-EA39-4609-AB2A-3546BB5F8B72}.Debug|Any CPU.ActiveCfg = Debug|Any CPU
		{600AA7DC-EA39-4609-AB2A-3546BB5F8B72}.Debug|Any CPU.Build.0 = Debug|Any CPU
		{600AA7DC-EA39-4609-AB2A-3546BB5F8B72}.Release|Any CPU.ActiveCfg = Release|Any CPU
		{600AA7DC-EA39-4609-AB2A-3546BB5F8B72}.Release|Any CPU.Build.0 = Release|Any CPU
		{635C1C60-606C-43A1-919C-DD4908057912}.Debug|Any CPU.ActiveCfg = Debug|Any CPU
		{635C1C60-606C-43A1-919C-DD4908057912}.Debug|Any CPU.Build.0 = Debug|Any CPU
		{635C1C60-606C-43A1-919C-DD4908057912}.Release|Any CPU.ActiveCfg = Release|Any CPU
		{635C1C60-606C-43A1-919C-DD4908057912}.Release|Any CPU.Build.0 = Release|Any CPU
		{942718E0-35B1-4E52-900E-1709B6808968}.Debug|Any CPU.ActiveCfg = Debug|Any CPU
		{942718E0-35B1-4E52-900E-1709B6808968}.Debug|Any CPU.Build.0 = Debug|Any CPU
		{942718E0-35B1-4E52-900E-1709B6808968}.Release|Any CPU.ActiveCfg = Release|Any CPU
		{942718E0-35B1-4E52-900E-1709B6808968}.Release|Any CPU.Build.0 = Release|Any CPU
		{7A3F5D37-B9BE-4C40-8C31-AD181D16FF43}.Debug|Any CPU.ActiveCfg = Debug|Any CPU
		{7A3F5D37-B9BE-4C40-8C31-AD181D16FF43}.Debug|Any CPU.Build.0 = Debug|Any CPU
		{7A3F5D37-B9BE-4C40-8C31-AD181D16FF43}.Release|Any CPU.ActiveCfg = Release|Any CPU
		{7A3F5D37-B9BE-4C40-8C31-AD181D16FF43}.Release|Any CPU.Build.0 = Release|Any CPU
		{65A6524A-A322-468B-BF0B-A69064F8C8F5}.Debug|Any CPU.ActiveCfg = Debug|Any CPU
		{65A6524A-A322-468B-BF0B-A69064F8C8F5}.Debug|Any CPU.Build.0 = Debug|Any CPU
		{65A6524A-A322-468B-BF0B-A69064F8C8F5}.Release|Any CPU.ActiveCfg = Release|Any CPU
		{65A6524A-A322-468B-BF0B-A69064F8C8F5}.Release|Any CPU.Build.0 = Release|Any CPU
		{F2644829-D8F4-4CFF-BF32-46745BEF2638}.Debug|Any CPU.ActiveCfg = Debug|Any CPU
		{F2644829-D8F4-4CFF-BF32-46745BEF2638}.Debug|Any CPU.Build.0 = Debug|Any CPU
		{F2644829-D8F4-4CFF-BF32-46745BEF2638}.Release|Any CPU.ActiveCfg = Release|Any CPU
		{F2644829-D8F4-4CFF-BF32-46745BEF2638}.Release|Any CPU.Build.0 = Release|Any CPU
	EndGlobalSection
	GlobalSection(SolutionProperties) = preSolution
		HideSolutionNode = FALSE
	EndGlobalSection
EndGlobal
